
Microsoft Visual Studio Solution File, Format Version 12.00
# Visual Studio Version 16
VisualStudioVersion = 16.0.30523.141
MinimumVisualStudioVersion = 10.0.40219.1
Project("{FAE04EC0-301F-11D3-BF4B-00C04F79EFBC}") = "Calculatorapp", "Calculatorapp\Calculatorapp.csproj", "{8B99E839-7CB9-403C-BF5A-9AADD2D5B682}"
EndProject
Global
	GlobalSection(SolutionConfigurationPlatforms) = preSolution
		Debug|Any CPU = Debug|Any CPU
		Release|Any CPU = Release|Any CPU
	EndGlobalSection
	GlobalSection(ProjectConfigurationPlatforms) = postSolution
		{8B99E839-7CB9-403C-BF5A-9AADD2D5B682}.Debug|Any CPU.ActiveCfg = Debug|Any CPU
		{8B99E839-7CB9-403C-BF5A-9AADD2D5B682}.Debug|Any CPU.Build.0 = Debug|Any CPU
		{8B99E839-7CB9-403C-BF5A-9AADD2D5B682}.Release|Any CPU.ActiveCfg = Release|Any CPU
		{8B99E839-7CB9-403C-BF5A-9AADD2D5B682}.Release|Any CPU.Build.0 = Release|Any CPU
	EndGlobalSection
	GlobalSection(SolutionProperties) = preSolution
		HideSolutionNode = FALSE
	EndGlobalSection
	GlobalSection(ExtensibilityGlobals) = postSolution
		SolutionGuid = {9CA668B2-0941-483C-810E-F413B59EB04E}
	EndGlobalSection
EndGlobal
